
Microsoft Visual Studio Solution File, Format Version 12.00
Project("{FAE04EC0-301F-11D3-BF4B-00C04F79EFBC}") = "Blog.Writer.Cli", "Blog.Writer.Cli\Blog.Writer.Cli.csproj", "{D9F5DC7E-03E9-40FD-AEFB-8DB869243A6A}"
EndProject
Project("{FAE04EC0-301F-11D3-BF4B-00C04F79EFBC}") = "Blog.Writer.Contracts", "Blog.Writer.Contracts\Blog.Writer.Contracts.csproj", "{7EE6DA14-0786-4A4C-80E9-739DABADFC34}"
EndProject
Project("{FAE04EC0-301F-11D3-BF4B-00C04F79EFBC}") = "Blog.Writer.Services", "Blog.Writer.Services\Blog.Writer.Services.csproj", "{2685C0E5-B03E-4B48-8882-DE20DD39E756}"
EndProject
Project("{FAE04EC0-301F-11D3-BF4B-00C04F79EFBC}") = "Blog.Writer.Tests", "Blog.Writer.Tests\Blog.Writer.Tests.csproj", "{A1B4D167-CA7D-48A1-A274-F3927485F8F6}"
EndProject
Global
	GlobalSection(SolutionConfigurationPlatforms) = preSolution
		Debug|Any CPU = Debug|Any CPU
		Release|Any CPU = Release|Any CPU
	EndGlobalSection
	GlobalSection(ProjectConfigurationPlatforms) = postSolution
		{D9F5DC7E-03E9-40FD-AEFB-8DB869243A6A}.Debug|Any CPU.ActiveCfg = Debug|Any CPU
		{D9F5DC7E-03E9-40FD-AEFB-8DB869243A6A}.Debug|Any CPU.Build.0 = Debug|Any CPU
		{D9F5DC7E-03E9-40FD-AEFB-8DB869243A6A}.Release|Any CPU.ActiveCfg = Release|Any CPU
		{D9F5DC7E-03E9-40FD-AEFB-8DB869243A6A}.Release|Any CPU.Build.0 = Release|Any CPU
		{7EE6DA14-0786-4A4C-80E9-739DABADFC34}.Debug|Any CPU.ActiveCfg = Debug|Any CPU
		{7EE6DA14-0786-4A4C-80E9-739DABADFC34}.Debug|Any CPU.Build.0 = Debug|Any CPU
		{7EE6DA14-0786-4A4C-80E9-739DABADFC34}.Release|Any CPU.ActiveCfg = Release|Any CPU
		{7EE6DA14-0786-4A4C-80E9-739DABADFC34}.Release|Any CPU.Build.0 = Release|Any CPU
		{2685C0E5-B03E-4B48-8882-DE20DD39E756}.Debug|Any CPU.ActiveCfg = Debug|Any CPU
		{2685C0E5-B03E-4B48-8882-DE20DD39E756}.Debug|Any CPU.Build.0 = Debug|Any CPU
		{2685C0E5-B03E-4B48-8882-DE20DD39E756}.Release|Any CPU.ActiveCfg = Release|Any CPU
		{2685C0E5-B03E-4B48-8882-DE20DD39E756}.Release|Any CPU.Build.0 = Release|Any CPU
		{A1B4D167-CA7D-48A1-A274-F3927485F8F6}.Debug|Any CPU.ActiveCfg = Debug|Any CPU
		{A1B4D167-CA7D-48A1-A274-F3927485F8F6}.Debug|Any CPU.Build.0 = Debug|Any CPU
		{A1B4D167-CA7D-48A1-A274-F3927485F8F6}.Release|Any CPU.ActiveCfg = Release|Any CPU
		{A1B4D167-CA7D-48A1-A274-F3927485F8F6}.Release|Any CPU.Build.0 = Release|Any CPU
	EndGlobalSection
EndGlobal
